
Microsoft Visual Studio Solution File, Format Version 12.00
# Visual Studio Version 16
VisualStudioVersion = 16.0.30717.126
MinimumVisualStudioVersion = 10.0.40219.1
Project("{FAE04EC0-301F-11D3-BF4B-00C04F79EFBC}") = "Det5AlgoritmiHorspoolit", "Det5AlgoritmiHorspoolit\Det5AlgoritmiHorspoolit.csproj", "{6C90E407-EEFF-4694-80CA-F0FE0E187F4F}"
EndProject
Global
	GlobalSection(SolutionConfigurationPlatforms) = preSolution
		Debug|Any CPU = Debug|Any CPU
		Release|Any CPU = Release|Any CPU
	EndGlobalSection
	GlobalSection(ProjectConfigurationPlatforms) = postSolution
		{6C90E407-EEFF-4694-80CA-F0FE0E187F4F}.Debug|Any CPU.ActiveCfg = Debug|Any CPU
		{6C90E407-EEFF-4694-80CA-F0FE0E187F4F}.Debug|Any CPU.Build.0 = Debug|Any CPU
		{6C90E407-EEFF-4694-80CA-F0FE0E187F4F}.Release|Any CPU.ActiveCfg = Release|Any CPU
		{6C90E407-EEFF-4694-80CA-F0FE0E187F4F}.Release|Any CPU.Build.0 = Release|Any CPU
	EndGlobalSection
	GlobalSection(SolutionProperties) = preSolution
		HideSolutionNode = FALSE
	EndGlobalSection
	GlobalSection(ExtensibilityGlobals) = postSolution
		SolutionGuid = {A1C5E48A-2229-4514-8E61-3F064FEC8180}
	EndGlobalSection
EndGlobal
